
Microsoft Visual Studio Solution File, Format Version 12.00
# Visual Studio Version 16
VisualStudioVersion = 16.0.30804.86
MinimumVisualStudioVersion = 10.0.40219.1
Project("{FAE04EC0-301F-11D3-BF4B-00C04F79EFBC}") = "BlogLab.Web", "BlogLab.Web\BlogLab.Web.csproj", "{AE9924E6-6454-46D5-846D-5EA65DFD3151}"
EndProject
Global
	GlobalSection(SolutionConfigurationPlatforms) = preSolution
		Debug|Any CPU = Debug|Any CPU
		Release|Any CPU = Release|Any CPU
	EndGlobalSection
	GlobalSection(ProjectConfigurationPlatforms) = postSolution
		{AE9924E6-6454-46D5-846D-5EA65DFD3151}.Debug|Any CPU.ActiveCfg = Debug|Any CPU
		{AE9924E6-6454-46D5-846D-5EA65DFD3151}.Debug|Any CPU.Build.0 = Debug|Any CPU
		{AE9924E6-6454-46D5-846D-5EA65DFD3151}.Release|Any CPU.ActiveCfg = Release|Any CPU
		{AE9924E6-6454-46D5-846D-5EA65DFD3151}.Release|Any CPU.Build.0 = Release|Any CPU
	EndGlobalSection
	GlobalSection(SolutionProperties) = preSolution
		HideSolutionNode = FALSE
	EndGlobalSection
	GlobalSection(ExtensibilityGlobals) = postSolution
		SolutionGuid = {AD4C082B-E5CD-451F-B940-50DA48F2AFDF}
	EndGlobalSection
EndGlobal
